{
  "originHash" : "05a92ac75743955086ea6bc0d6e66861ee659da97a5558d9ba22a385aed126bb",
  "pins" : [
    {
      "identity" : "taglibaudiometadata",
      "kind" : "remoteSourceControl",
      "location" : "https://github.com/ChrisLloydME/TagLibAudioMetadata.git",
      "state" : {
        "revision" : "03473c9ae199026b806a5f75c387ca036e325284",
        "version" : "0.5.3"
      }
    }
  ],
  "version" : 3
}
