{
  "originHash" : "05a92ac75743955086ea6bc0d6e66861ee659da97a5558d9ba22a385aed126bb",
  "pins" : [
    {
      "identity" : "taglibaudiometadata",
      "kind" : "remoteSourceControl",
      "location" : "https://github.com/ChrisLloydME/TagLibAudioMetadata.git",
      "state" : {
        "branch" : "main",
        "revision" : "1e24bf8f71058a52409ab4cf39bb813790b892ac"
      }
    }
  ],
  "version" : 3
}
