{
  "originHash" : "05a92ac75743955086ea6bc0d6e66861ee659da97a5558d9ba22a385aed126bb",
  "pins" : [
    {
      "identity" : "taglibaudiometadata",
      "kind" : "remoteSourceControl",
      "location" : "https://github.com/ChrisLloydME/TagLibAudioMetadata.git",
      "state" : {
        "branch" : "main",
        "revision" : "e900e534c3f0d03a9e51e7060c314693c6b686f1"
      }
    }
  ],
  "version" : 3
}
