// !$*UTF8*$!
{
	archiveVersion = 1;
	classes = {
	};
	objectVersion = 77;
	objects = {

/* Begin PBXFileReference section */
		6ED09D162ED1ED550031CDAD /* AudioMator.app */ = {isa = PBXFileReference; explicitFileType = wrapper.application; includeInIndex = 0; path = AudioMator.app; sourceTree = BUILT_PRODUCTS_DIR; };
/* End PBXFileReference section */

/* Begin PBXFileSystemSynchronizedBuildFileExceptionSet section */
		6EFF9E462EE3199F006EE677 /* Exceptions for "AudioMator" folder in "AudioMator" target */ = {
			isa = PBXFileSystemSynchronizedBuildFileExceptionSet;
			membershipExceptions = (
				TagLibBridge/taglib/3rdparty/utfcpp/CMakeLists.txt,
				TagLibBridge/taglib/3rdparty/utfcpp/extern/ftest/LICENSE,
				TagLibBridge/taglib/3rdparty/utfcpp/extern/ftest/README.md,
				TagLibBridge/taglib/3rdparty/utfcpp/extern/ftest/tests/CMakeLists.txt,
				TagLibBridge/taglib/3rdparty/utfcpp/extern/ftest/tests/smoke.cpp,
				TagLibBridge/taglib/3rdparty/utfcpp/LICENSE,
				TagLibBridge/taglib/3rdparty/utfcpp/README.md,
				TagLibBridge/taglib/3rdparty/utfcpp/samples/docsample.cpp,
				TagLibBridge/taglib/3rdparty/utfcpp/tests/apitests.cpp,
				TagLibBridge/taglib/3rdparty/utfcpp/tests/CMakeLists.txt,
				TagLibBridge/taglib/3rdparty/utfcpp/tests/negative.cpp,
				TagLibBridge/taglib/3rdparty/utfcpp/tests/noexceptionstests.cpp,
				TagLibBridge/taglib/3rdparty/utfcpp/tests/test_cpp11.cpp,
				TagLibBridge/taglib/3rdparty/utfcpp/tests/test_cpp17.cpp,
				TagLibBridge/taglib/bindings/c/CMakeLists.txt,
				TagLibBridge/taglib/bindings/CMakeLists.txt,
				TagLibBridge/taglib/bindings/README,
				TagLibBridge/taglib/CMakeLists.txt,
				TagLibBridge/taglib/doc/README,
				TagLibBridge/taglib/examples/CMakeLists.txt,
				TagLibBridge/taglib/examples/framelist.cpp,
				"TagLibBridge/taglib/examples/strip-id3v1.cpp",
				TagLibBridge/taglib/examples/tagreader_c.c,
				TagLibBridge/taglib/examples/tagreader.cpp,
				TagLibBridge/taglib/examples/tagwriter.cpp,
				TagLibBridge/taglib/README.md,
				TagLibBridge/taglib/taglib/CMakeLists.txt,
				TagLibBridge/taglib/taglib/toolkit/tlist.tcc,
				TagLibBridge/taglib/taglib/toolkit/tmap.tcc,
				TagLibBridge/taglib/tests/CMakeLists.txt,
				TagLibBridge/taglib/tests/main.cpp,
				TagLibBridge/taglib/tests/test_aiff.cpp,
				TagLibBridge/taglib/tests/test_ape.cpp,
				TagLibBridge/taglib/tests/test_apetag.cpp,
				TagLibBridge/taglib/tests/test_asf.cpp,
				TagLibBridge/taglib/tests/test_bytevector.cpp,
				TagLibBridge/taglib/tests/test_bytevectorlist.cpp,
				TagLibBridge/taglib/tests/test_bytevectorstream.cpp,
				TagLibBridge/taglib/tests/test_complexproperties.cpp,
				TagLibBridge/taglib/tests/test_dsdiff.cpp,
				TagLibBridge/taglib/tests/test_dsf.cpp,
				TagLibBridge/taglib/tests/test_file.cpp,
				TagLibBridge/taglib/tests/test_fileref.cpp,
				TagLibBridge/taglib/tests/test_flac.cpp,
				TagLibBridge/taglib/tests/test_flacpicture.cpp,
				TagLibBridge/taglib/tests/test_flacunknownmetadatablock.cpp,
				TagLibBridge/taglib/tests/test_id3v1.cpp,
				TagLibBridge/taglib/tests/test_id3v2.cpp,
				TagLibBridge/taglib/tests/test_id3v2framefactory.cpp,
				TagLibBridge/taglib/tests/test_info.cpp,
				TagLibBridge/taglib/tests/test_it.cpp,
				TagLibBridge/taglib/tests/test_list.cpp,
				TagLibBridge/taglib/tests/test_map.cpp,
				TagLibBridge/taglib/tests/test_mod.cpp,
				TagLibBridge/taglib/tests/test_mp4.cpp,
				TagLibBridge/taglib/tests/test_mp4coverart.cpp,
				TagLibBridge/taglib/tests/test_mp4item.cpp,
				TagLibBridge/taglib/tests/test_mpc.cpp,
				TagLibBridge/taglib/tests/test_mpeg.cpp,
				TagLibBridge/taglib/tests/test_ogg.cpp,
				TagLibBridge/taglib/tests/test_oggflac.cpp,
				TagLibBridge/taglib/tests/test_opus.cpp,
				TagLibBridge/taglib/tests/test_propertymap.cpp,
				TagLibBridge/taglib/tests/test_riff.cpp,
				TagLibBridge/taglib/tests/test_s3m.cpp,
				TagLibBridge/taglib/tests/test_shorten.cpp,
				TagLibBridge/taglib/tests/test_sizes.cpp,
				TagLibBridge/taglib/tests/test_speex.cpp,
				TagLibBridge/taglib/tests/test_string.cpp,
				TagLibBridge/taglib/tests/test_synchdata.cpp,
				TagLibBridge/taglib/tests/test_tag_c.cpp,
				TagLibBridge/taglib/tests/test_trueaudio.cpp,
				TagLibBridge/taglib/tests/test_variant.cpp,
				TagLibBridge/taglib/tests/test_versionnumber.cpp,
				TagLibBridge/taglib/tests/test_wav.cpp,
				TagLibBridge/taglib/tests/test_wavpack.cpp,
				TagLibBridge/taglib/tests/test_xiphcomment.cpp,
				TagLibBridge/taglib/tests/test_xm.cpp,
			);
			target = 6ED09D152ED1ED550031CDAD /* AudioMator */;
		};
/* End PBXFileSystemSynchronizedBuildFileExceptionSet section */

/* Begin PBXFileSystemSynchronizedRootGroup section */
		6ED09D182ED1ED550031CDAD /* AudioMator */ = {
			isa = PBXFileSystemSynchronizedRootGroup;
			exceptions = (
				6EFF9E462EE3199F006EE677 /* Exceptions for "AudioMator" folder in "AudioMator" target */,
			);
			path = AudioMator;
			sourceTree = "<group>";
		};
/* End PBXFileSystemSynchronizedRootGroup section */

/* Begin PBXFrameworksBuildPhase section */
		6ED09D132ED1ED550031CDAD /* Frameworks */ = {
			isa = PBXFrameworksBuildPhase;
			buildActionMask = 2147483647;
			files = (
			);
			runOnlyForDeploymentPostprocessing = 0;
		};
/* End PBXFrameworksBuildPhase section */

/* Begin PBXGroup section */
		6ED09D0D2ED1ED550031CDAD = {
			isa = PBXGroup;
			children = (
				6ED09D182ED1ED550031CDAD /* AudioMator */,
				6ED09D812ED2F8360031CDAD /* Frameworks */,
				6ED09D172ED1ED550031CDAD /* Products */,
			);
			sourceTree = "<group>";
		};
		6ED09D172ED1ED550031CDAD /* Products */ = {
			isa = PBXGroup;
			children = (
				6ED09D162ED1ED550031CDAD /* AudioMator.app */,
			);
			name = Products;
			sourceTree = "<group>";
		};
		6ED09D812ED2F8360031CDAD /* Frameworks */ = {
			isa = PBXGroup;
			children = (
			);
			name = Frameworks;
			sourceTree = "<group>";
		};
/* End PBXGroup section */

/* Begin PBXNativeTarget section */
		6ED09D152ED1ED550031CDAD /* AudioMator */ = {
			isa = PBXNativeTarget;
			buildConfigurationList = 6ED09D212ED1ED560031CDAD /* Build configuration list for PBXNativeTarget "AudioMator" */;
			buildPhases = (
				6ED09D122ED1ED550031CDAD /* Sources */,
				6ED09D132ED1ED550031CDAD /* Frameworks */,
				6ED09D142ED1ED550031CDAD /* Resources */,
			);
			buildRules = (
			);
			dependencies = (
			);
			fileSystemSynchronizedGroups = (
				6ED09D182ED1ED550031CDAD /* AudioMator */,
			);
			name = AudioMator;
			packageProductDependencies = (
			);
			productName = AudioMator;
			productReference = 6ED09D162ED1ED550031CDAD /* AudioMator.app */;
			productType = "com.apple.product-type.application";
		};
/* End PBXNativeTarget section */

/* Begin PBXProject section */
		6ED09D0E2ED1ED550031CDAD /* Project object */ = {
			isa = PBXProject;
			attributes = {
				BuildIndependentTargetsInParallel = 1;
				LastSwiftUpdateCheck = 2610;
				LastUpgradeCheck = 2630;
				TargetAttributes = {
					6ED09D152ED1ED550031CDAD = {
						CreatedOnToolsVersion = 26.1.1;
						LastSwiftMigration = 2610;
					};
				};
			};
			buildConfigurationList = 6ED09D112ED1ED550031CDAD /* Build configuration list for PBXProject "AudioMator" */;
			developmentRegion = en;
			hasScannedForEncodings = 0;
			knownRegions = (
				en,
				Base,
			);
			mainGroup = 6ED09D0D2ED1ED550031CDAD;
			minimizedProjectReferenceProxies = 1;
			packageReferences = (
			);
			preferredProjectObjectVersion = 77;
			productRefGroup = 6ED09D172ED1ED550031CDAD /* Products */;
			projectDirPath = "";
			projectRoot = "";
			targets = (
				6ED09D152ED1ED550031CDAD /* AudioMator */,
			);
		};
/* End PBXProject section */

/* Begin PBXResourcesBuildPhase section */
		6ED09D142ED1ED550031CDAD /* Resources */ = {
			isa = PBXResourcesBuildPhase;
			buildActionMask = 2147483647;
			files = (
			);
			runOnlyForDeploymentPostprocessing = 0;
		};
/* End PBXResourcesBuildPhase section */

/* Begin PBXSourcesBuildPhase section */
		6ED09D122ED1ED550031CDAD /* Sources */ = {
			isa = PBXSourcesBuildPhase;
			buildActionMask = 2147483647;
			files = (
			);
			runOnlyForDeploymentPostprocessing = 0;
		};
/* End PBXSourcesBuildPhase section */

/* Begin XCBuildConfiguration section */
		6ED09D1F2ED1ED560031CDAD /* Debug */ = {
			isa = XCBuildConfiguration;
			buildSettings = {
				ALWAYS_SEARCH_USER_PATHS = NO;
				ASSETCATALOG_COMPILER_GENERATE_SWIFT_ASSET_SYMBOL_EXTENSIONS = YES;
				CLANG_ANALYZER_NONNULL = YES;
				CLANG_ANALYZER_NUMBER_OBJECT_CONVERSION = YES_AGGRESSIVE;
				CLANG_CXX_LANGUAGE_STANDARD = "gnu++20";
				CLANG_ENABLE_MODULES = YES;
				CLANG_ENABLE_OBJC_ARC = YES;
				CLANG_ENABLE_OBJC_WEAK = YES;
				CLANG_WARN_BLOCK_CAPTURE_AUTORELEASING = YES;
				CLANG_WARN_BOOL_CONVERSION = YES;
				CLANG_WARN_COMMA = YES;
				CLANG_WARN_CONSTANT_CONVERSION = YES;
				CLANG_WARN_DEPRECATED_OBJC_IMPLEMENTATIONS = YES;
				CLANG_WARN_DIRECT_OBJC_ISA_USAGE = YES_ERROR;
				CLANG_WARN_DOCUMENTATION_COMMENTS = YES;
				CLANG_WARN_EMPTY_BODY = YES;
				CLANG_WARN_ENUM_CONVERSION = YES;
				CLANG_WARN_INFINITE_RECURSION = YES;
				CLANG_WARN_INT_CONVERSION = YES;
				CLANG_WARN_NON_LITERAL_NULL_CONVERSION = YES;
				CLANG_WARN_OBJC_IMPLICIT_RETAIN_SELF = YES;
				CLANG_WARN_OBJC_LITERAL_CONVERSION = YES;
				CLANG_WARN_OBJC_ROOT_CLASS = YES_ERROR;
				CLANG_WARN_QUOTED_INCLUDE_IN_FRAMEWORK_HEADER = YES;
				CLANG_WARN_RANGE_LOOP_ANALYSIS = YES;
				CLANG_WARN_STRICT_PROTOTYPES = YES;
				CLANG_WARN_SUSPICIOUS_MOVE = YES;
				CLANG_WARN_UNGUARDED_AVAILABILITY = YES_AGGRESSIVE;
				CLANG_WARN_UNREACHABLE_CODE = YES;
				CLANG_WARN__DUPLICATE_METHOD_MATCH = YES;
				COPY_PHASE_STRIP = NO;
				DEAD_CODE_STRIPPING = YES;
				DEBUG_INFORMATION_FORMAT = dwarf;
				DEVELOPMENT_TEAM = YM5G2M8PV9;
				ENABLE_STRICT_OBJC_MSGSEND = YES;
				ENABLE_TESTABILITY = YES;
				ENABLE_USER_SCRIPT_SANDBOXING = YES;
				GCC_C_LANGUAGE_STANDARD = gnu17;
				GCC_DYNAMIC_NO_PIC = NO;
				GCC_NO_COMMON_BLOCKS = YES;
				GCC_OPTIMIZATION_LEVEL = 0;
				GCC_PREPROCESSOR_DEFINITIONS = (
					"DEBUG=1",
					"$(inherited)",
				);
				GCC_WARN_64_TO_32_BIT_CONVERSION = YES;
				GCC_WARN_ABOUT_RETURN_TYPE = YES_ERROR;
				GCC_WARN_UNDECLARED_SELECTOR = YES;
				GCC_WARN_UNINITIALIZED_AUTOS = YES_AGGRESSIVE;
				GCC_WARN_UNUSED_FUNCTION = YES;
				GCC_WARN_UNUSED_VARIABLE = YES;
				LOCALIZATION_PREFERS_STRING_CATALOGS = YES;
				MACOSX_DEPLOYMENT_TARGET = 26.1;
				MTL_ENABLE_DEBUG_INFO = INCLUDE_SOURCE;
				MTL_FAST_MATH = YES;
				ONLY_ACTIVE_ARCH = YES;
				SDKROOT = macosx;
				STRING_CATALOG_GENERATE_SYMBOLS = YES;
				SWIFT_ACTIVE_COMPILATION_CONDITIONS = "DEBUG $(inherited)";
				SWIFT_OPTIMIZATION_LEVEL = "-Onone";
			};
			name = Debug;
		};
		6ED09D202ED1ED560031CDAD /* Release */ = {
			isa = XCBuildConfiguration;
			buildSettings = {
				ALWAYS_SEARCH_USER_PATHS = NO;
				ASSETCATALOG_COMPILER_GENERATE_SWIFT_ASSET_SYMBOL_EXTENSIONS = YES;
				CLANG_ANALYZER_NONNULL = YES;
				CLANG_ANALYZER_NUMBER_OBJECT_CONVERSION = YES_AGGRESSIVE;
				CLANG_CXX_LANGUAGE_STANDARD = "gnu++20";
				CLANG_ENABLE_MODULES = YES;
				CLANG_ENABLE_OBJC_ARC = YES;
				CLANG_ENABLE_OBJC_WEAK = YES;
				CLANG_WARN_BLOCK_CAPTURE_AUTORELEASING = YES;
				CLANG_WARN_BOOL_CONVERSION = YES;
				CLANG_WARN_COMMA = YES;
				CLANG_WARN_CONSTANT_CONVERSION = YES;
				CLANG_WARN_DEPRECATED_OBJC_IMPLEMENTATIONS = YES;
				CLANG_WARN_DIRECT_OBJC_ISA_USAGE = YES_ERROR;
				CLANG_WARN_DOCUMENTATION_COMMENTS = YES;
				CLANG_WARN_EMPTY_BODY = YES;
				CLANG_WARN_ENUM_CONVERSION = YES;
				CLANG_WARN_INFINITE_RECURSION = YES;
				CLANG_WARN_INT_CONVERSION = YES;
				CLANG_WARN_NON_LITERAL_NULL_CONVERSION = YES;
				CLANG_WARN_OBJC_IMPLICIT_RETAIN_SELF = YES;
				CLANG_WARN_OBJC_LITERAL_CONVERSION = YES;
				CLANG_WARN_OBJC_ROOT_CLASS = YES_ERROR;
				CLANG_WARN_QUOTED_INCLUDE_IN_FRAMEWORK_HEADER = YES;
				CLANG_WARN_RANGE_LOOP_ANALYSIS = YES;
				CLANG_WARN_STRICT_PROTOTYPES = YES;
				CLANG_WARN_SUSPICIOUS_MOVE = YES;
				CLANG_WARN_UNGUARDED_AVAILABILITY = YES_AGGRESSIVE;
				CLANG_WARN_UNREACHABLE_CODE = YES;
				CLANG_WARN__DUPLICATE_METHOD_MATCH = YES;
				COPY_PHASE_STRIP = NO;
				DEAD_CODE_STRIPPING = YES;
				DEBUG_INFORMATION_FORMAT = "dwarf-with-dsym";
				DEVELOPMENT_TEAM = YM5G2M8PV9;
				ENABLE_NS_ASSERTIONS = NO;
				ENABLE_STRICT_OBJC_MSGSEND = YES;
				ENABLE_USER_SCRIPT_SANDBOXING = YES;
				GCC_C_LANGUAGE_STANDARD = gnu17;
				GCC_NO_COMMON_BLOCKS = YES;
				GCC_WARN_64_TO_32_BIT_CONVERSION = YES;
				GCC_WARN_ABOUT_RETURN_TYPE = YES_ERROR;
				GCC_WARN_UNDECLARED_SELECTOR = YES;
				GCC_WARN_UNINITIALIZED_AUTOS = YES_AGGRESSIVE;
				GCC_WARN_UNUSED_FUNCTION = YES;
				GCC_WARN_UNUSED_VARIABLE = YES;
				LOCALIZATION_PREFERS_STRING_CATALOGS = YES;
				MACOSX_DEPLOYMENT_TARGET = 26.1;
				MTL_ENABLE_DEBUG_INFO = NO;
				MTL_FAST_MATH = YES;
				SDKROOT = macosx;
				STRING_CATALOG_GENERATE_SYMBOLS = YES;
				SWIFT_COMPILATION_MODE = wholemodule;
			};
			name = Release;
		};
		6ED09D222ED1ED560031CDAD /* Debug */ = {
			isa = XCBuildConfiguration;
			buildSettings = {
				ASSETCATALOG_COMPILER_APPICON_NAME = AppIcon;
				ASSETCATALOG_COMPILER_GLOBAL_ACCENT_COLOR_NAME = AccentColor;
				CLANG_ENABLE_MODULES = YES;
				CODE_SIGN_STYLE = Automatic;
				COMBINE_HIDPI_IMAGES = YES;
				CURRENT_PROJECT_VERSION = 26483;
				DEAD_CODE_STRIPPING = YES;
				DEVELOPMENT_TEAM = YM5G2M8PV9;
				ENABLE_APP_SANDBOX = YES;
				ENABLE_HARDENED_RUNTIME = YES;
				ENABLE_INCOMING_NETWORK_CONNECTIONS = NO;
				ENABLE_OUTGOING_NETWORK_CONNECTIONS = YES;
				ENABLE_PREVIEWS = YES;
				ENABLE_RESOURCE_ACCESS_AUDIO_INPUT = NO;
				ENABLE_RESOURCE_ACCESS_BLUETOOTH = NO;
				ENABLE_RESOURCE_ACCESS_CALENDARS = NO;
				ENABLE_RESOURCE_ACCESS_CAMERA = NO;
				ENABLE_RESOURCE_ACCESS_CONTACTS = NO;
				ENABLE_RESOURCE_ACCESS_LOCATION = NO;
				ENABLE_RESOURCE_ACCESS_PRINTING = NO;
				ENABLE_RESOURCE_ACCESS_USB = NO;
				ENABLE_USER_SELECTED_FILES = readwrite;
				GENERATE_INFOPLIST_FILE = YES;
				INFOPLIST_KEY_CFBundleDisplayName = AudioMator;
				INFOPLIST_KEY_LSApplicationCategoryType = "public.app-category.utilities";
				INFOPLIST_KEY_NSHumanReadableCopyright = "Copyright © 2025-2026 Christopher Lloyd. All rights reserved.";
				LD_RUNPATH_SEARCH_PATHS = (
					"$(inherited)",
					"@executable_path/../Frameworks",
				);
				MACOSX_DEPLOYMENT_TARGET = 26.1;
				MARKETING_VERSION = 1.4.1;
				PRODUCT_BUNDLE_IDENTIFIER = com.TheLloydME.AudioMator.Beta;
				PRODUCT_NAME = "$(TARGET_NAME)";
				REGISTER_APP_GROUPS = YES;
				STRING_CATALOG_GENERATE_SYMBOLS = YES;
				SWIFT_APPROACHABLE_CONCURRENCY = YES;
				SWIFT_DEFAULT_ACTOR_ISOLATION = MainActor;
				SWIFT_EMIT_LOC_STRINGS = YES;
				SWIFT_OBJC_BRIDGING_HEADER = "AudioMator/AudioMator-Bridging-Header.h";
				SWIFT_OPTIMIZATION_LEVEL = "-Onone";
				SWIFT_UPCOMING_FEATURE_MEMBER_IMPORT_VISIBILITY = YES;
				SWIFT_VERSION = 5.0;
			};
			name = Debug;
		};
		6ED09D232ED1ED560031CDAD /* Release */ = {
			isa = XCBuildConfiguration;
			buildSettings = {
				ASSETCATALOG_COMPILER_APPICON_NAME = AppIcon;
				ASSETCATALOG_COMPILER_GLOBAL_ACCENT_COLOR_NAME = AccentColor;
				CLANG_ENABLE_MODULES = YES;
				CODE_SIGN_STYLE = Automatic;
				COMBINE_HIDPI_IMAGES = YES;
				CURRENT_PROJECT_VERSION = 26483;
				DEAD_CODE_STRIPPING = YES;
				DEVELOPMENT_TEAM = YM5G2M8PV9;
				ENABLE_APP_SANDBOX = YES;
				ENABLE_HARDENED_RUNTIME = YES;
				ENABLE_INCOMING_NETWORK_CONNECTIONS = NO;
				ENABLE_OUTGOING_NETWORK_CONNECTIONS = YES;
				ENABLE_PREVIEWS = YES;
				ENABLE_RESOURCE_ACCESS_AUDIO_INPUT = NO;
				ENABLE_RESOURCE_ACCESS_BLUETOOTH = NO;
				ENABLE_RESOURCE_ACCESS_CALENDARS = NO;
				ENABLE_RESOURCE_ACCESS_CAMERA = NO;
				ENABLE_RESOURCE_ACCESS_CONTACTS = NO;
				ENABLE_RESOURCE_ACCESS_LOCATION = NO;
				ENABLE_RESOURCE_ACCESS_PRINTING = NO;
				ENABLE_RESOURCE_ACCESS_USB = NO;
				ENABLE_USER_SELECTED_FILES = readwrite;
				GENERATE_INFOPLIST_FILE = YES;
				INFOPLIST_KEY_CFBundleDisplayName = AudioMator;
				INFOPLIST_KEY_LSApplicationCategoryType = "public.app-category.utilities";
				INFOPLIST_KEY_NSHumanReadableCopyright = "Copyright © 2025-2026 Christopher Lloyd. All rights reserved.";
				LD_RUNPATH_SEARCH_PATHS = (
					"$(inherited)",
					"@executable_path/../Frameworks",
				);
				MACOSX_DEPLOYMENT_TARGET = 26.1;
				MARKETING_VERSION = 1.4.1;
				PRODUCT_BUNDLE_IDENTIFIER = com.TheLloydME.AudioMator.Beta;
				PRODUCT_NAME = "$(TARGET_NAME)";
				REGISTER_APP_GROUPS = YES;
				STRING_CATALOG_GENERATE_SYMBOLS = YES;
				SWIFT_APPROACHABLE_CONCURRENCY = YES;
				SWIFT_DEFAULT_ACTOR_ISOLATION = MainActor;
				SWIFT_EMIT_LOC_STRINGS = YES;
				SWIFT_OBJC_BRIDGING_HEADER = "AudioMator/AudioMator-Bridging-Header.h";
				SWIFT_UPCOMING_FEATURE_MEMBER_IMPORT_VISIBILITY = YES;
				SWIFT_VERSION = 5.0;
			};
			name = Release;
		};
/* End XCBuildConfiguration section */

/* Begin XCConfigurationList section */
		6ED09D112ED1ED550031CDAD /* Build configuration list for PBXProject "AudioMator" */ = {
			isa = XCConfigurationList;
			buildConfigurations = (
				6ED09D1F2ED1ED560031CDAD /* Debug */,
				6ED09D202ED1ED560031CDAD /* Release */,
			);
			defaultConfigurationIsVisible = 0;
			defaultConfigurationName = Release;
		};
		6ED09D212ED1ED560031CDAD /* Build configuration list for PBXNativeTarget "AudioMator" */ = {
			isa = XCConfigurationList;
			buildConfigurations = (
				6ED09D222ED1ED560031CDAD /* Debug */,
				6ED09D232ED1ED560031CDAD /* Release */,
			);
			defaultConfigurationIsVisible = 0;
			defaultConfigurationName = Release;
		};
/* End XCConfigurationList section */
	};
	rootObject = 6ED09D0E2ED1ED550031CDAD /* Project object */;
}
